
Microsoft Visual Studio Solution File, Format Version 12.00
# Visual Studio 2012
Project("{FAE04EC0-301F-11D3-BF4B-00C04F79EFBC}") = "eTutorSystem", "eTutorSystem\eTutorSystem.csproj", "{E81A27FB-E33A-42A0-8E76-F64C5FF6BACD}"
EndProject
Global
	GlobalSection(SolutionConfigurationPlatforms) = preSolution
		Debug|Any CPU = Debug|Any CPU
		Release|Any CPU = Release|Any CPU
	EndGlobalSection
	GlobalSection(ProjectConfigurationPlatforms) = postSolution
		{E81A27FB-E33A-42A0-8E76-F64C5FF6BACD}.Debug|Any CPU.ActiveCfg = Debug|Any CPU
		{E81A27FB-E33A-42A0-8E76-F64C5FF6BACD}.Debug|Any CPU.Build.0 = Debug|Any CPU
		{E81A27FB-E33A-42A0-8E76-F64C5FF6BACD}.Release|Any CPU.ActiveCfg = Release|Any CPU
		{E81A27FB-E33A-42A0-8E76-F64C5FF6BACD}.Release|Any CPU.Build.0 = Release|Any CPU
	EndGlobalSection
	GlobalSection(SolutionProperties) = preSolution
		HideSolutionNode = FALSE
	EndGlobalSection
EndGlobal
